// !$*UTF8*$!
{
	archiveVersion = 1;
	classes = {
	};
	objectVersion = 50;
	objects = {

/* Begin PBXBuildFile section */
		8D2CD086223747ED003348B1 /* ArticleTableViewCell.swift in Sources */ = {isa = PBXBuildFile; fileRef = 8D2CD085223747ED003348B1 /* ArticleTableViewCell.swift */; };
		8D4589992236F79A00BD4AFF /* NewsTableViewController.swift in Sources */ = {isa = PBXBuildFile; fileRef = 8D4589982236F79A00BD4AFF /* NewsTableViewController.swift */; };
		8D45899B2236F7BA00BD4AFF /* Article.swift in Sources */ = {isa = PBXBuildFile; fileRef = 8D45899A2236F7BA00BD4AFF /* Article.swift */; };
		8D45899E2236F89400BD4AFF /* URLRequest+Extensions.swift in Sources */ = {isa = PBXBuildFile; fileRef = 8D45899D2236F89400BD4AFF /* URLRequest+Extensions.swift */; };
		8D4589A12236FCC900BD4AFF /* ArticleViewModel.swift in Sources */ = {isa = PBXBuildFile; fileRef = 8D4589A02236FCC900BD4AFF /* ArticleViewModel.swift */; };
		8DE846BA2236F6A1008595AF /* AppDelegate.swift in Sources */ = {isa = PBXBuildFile; fileRef = 8DE846B92236F6A1008595AF /* AppDelegate.swift */; };
		8DE846BF2236F6A1008595AF /* Main.storyboard in Resources */ = {isa = PBXBuildFile; fileRef = 8DE846BD2236F6A1008595AF /* Main.storyboard */; };
		8DE846C12236F6A2008595AF /* Assets.xcassets in Resources */ = {isa = PBXBuildFile; fileRef = 8DE846C02236F6A2008595AF /* Assets.xcassets */; };
		8DE846C42236F6A2008595AF /* LaunchScreen.storyboard in Resources */ = {isa = PBXBuildFile; fileRef = 8DE846C22236F6A2008595AF /* LaunchScreen.storyboard */; };
		A480E1A68DE545C961324EB6 /* Pods_NewsAppMVVM.framework in Frameworks */ = {isa = PBXBuildFile; fileRef = 31B6B06476CB6B5FD0755CEC /* Pods_NewsAppMVVM.framework */; };
/* End PBXBuildFile section */

/* Begin PBXFileReference section */
		02226FEE847EC8CB29C0065E /* Pods-NewsAppMVVM.release.xcconfig */ = {isa = PBXFileReference; includeInIndex = 1; lastKnownFileType = text.xcconfig; name = "Pods-NewsAppMVVM.release.xcconfig"; path = "Pods/Target Support Files/Pods-NewsAppMVVM/Pods-NewsAppMVVM.release.xcconfig"; sourceTree = "<group>"; };
		31B6B06476CB6B5FD0755CEC /* Pods_NewsAppMVVM.framework */ = {isa = PBXFileReference; explicitFileType = wrapper.framework; includeInIndex = 0; path = Pods_NewsAppMVVM.framework; sourceTree = BUILT_PRODUCTS_DIR; };
		8D2CD085223747ED003348B1 /* ArticleTableViewCell.swift */ = {isa = PBXFileReference; lastKnownFileType = sourcecode.swift; path = ArticleTableViewCell.swift; sourceTree = "<group>"; };
		8D4589982236F79A00BD4AFF /* NewsTableViewController.swift */ = {isa = PBXFileReference; lastKnownFileType = sourcecode.swift; path = NewsTableViewController.swift; sourceTree = "<group>"; };
		8D45899A2236F7BA00BD4AFF /* Article.swift */ = {isa = PBXFileReference; lastKnownFileType = sourcecode.swift; path = Article.swift; sourceTree = "<group>"; };
		8D45899D2236F89400BD4AFF /* URLRequest+Extensions.swift */ = {isa = PBXFileReference; lastKnownFileType = sourcecode.swift; path = "URLRequest+Extensions.swift"; sourceTree = "<group>"; };
		8D4589A02236FCC900BD4AFF /* ArticleViewModel.swift */ = {isa = PBXFileReference; lastKnownFileType = sourcecode.swift; path = ArticleViewModel.swift; sourceTree = "<group>"; };
		8DE846B62236F6A1008595AF /* NewsAppMVVM.app */ = {isa = PBXFileReference; explicitFileType = wrapper.application; includeInIndex = 0; path = NewsAppMVVM.app; sourceTree = BUILT_PRODUCTS_DIR; };
		8DE846B92236F6A1008595AF /* AppDelegate.swift */ = {isa = PBXFileReference; lastKnownFileType = sourcecode.swift; path = AppDelegate.swift; sourceTree = "<group>"; };
		8DE846BE2236F6A1008595AF /* Base */ = {isa = PBXFileReference; lastKnownFileType = file.storyboard; name = Base; path = Base.lproj/Main.storyboard; sourceTree = "<group>"; };
		8DE846C02236F6A2008595AF /* Assets.xcassets */ = {isa = PBXFileReference; lastKnownFileType = folder.assetcatalog; path = Assets.xcassets; sourceTree = "<group>"; };
		8DE846C32236F6A2008595AF /* Base */ = {isa = PBXFileReference; lastKnownFileType = file.storyboard; name = Base; path = Base.lproj/LaunchScreen.storyboard; sourceTree = "<group>"; };
		8DE846C52236F6A2008595AF /* Info.plist */ = {isa = PBXFileReference; lastKnownFileType = text.plist.xml; path = Info.plist; sourceTree = "<group>"; };
		BB257243C9F475580BD540F2 /* Pods-NewsAppMVVM.debug.xcconfig */ = {isa = PBXFileReference; includeInIndex = 1; lastKnownFileType = text.xcconfig; name = "Pods-NewsAppMVVM.debug.xcconfig"; path = "Pods/Target Support Files/Pods-NewsAppMVVM/Pods-NewsAppMVVM.debug.xcconfig"; sourceTree = "<group>"; };
/* End PBXFileReference section */

/* Begin PBXFrameworksBuildPhase section */
		8DE846B32236F6A1008595AF /* Frameworks */ = {
			isa = PBXFrameworksBuildPhase;
			buildActionMask = 2147483647;
			files = (
				A480E1A68DE545C961324EB6 /* Pods_NewsAppMVVM.framework in Frameworks */,
			);
			runOnlyForDeploymentPostprocessing = 0;
		};
/* End PBXFrameworksBuildPhase section */

/* Begin PBXGroup section */
		8D2CD084223747DD003348B1 /* Cells */ = {
			isa = PBXGroup;
			children = (
				8D2CD085223747ED003348B1 /* ArticleTableViewCell.swift */,
			);
			path = Cells;
			sourceTree = "<group>";
		};
		8D4589962236F75D00BD4AFF /* Controllers */ = {
			isa = PBXGroup;
			children = (
				8D4589982236F79A00BD4AFF /* NewsTableViewController.swift */,
			);
			path = Controllers;
			sourceTree = "<group>";
		};
		8D4589972236F76200BD4AFF /* Models */ = {
			isa = PBXGroup;
			children = (
				8D45899A2236F7BA00BD4AFF /* Article.swift */,
			);
			path = Models;
			sourceTree = "<group>";
		};
		8D45899C2236F88700BD4AFF /* Extensions */ = {
			isa = PBXGroup;
			children = (
				8D45899D2236F89400BD4AFF /* URLRequest+Extensions.swift */,
			);
			path = Extensions;
			sourceTree = "<group>";
		};
		8D45899F2236FCBB00BD4AFF /* View Models */ = {
			isa = PBXGroup;
			children = (
				8D4589A02236FCC900BD4AFF /* ArticleViewModel.swift */,
			);
			path = "View Models";
			sourceTree = "<group>";
		};
		8DE846AD2236F6A1008595AF = {
			isa = PBXGroup;
			children = (
				8DE846B82236F6A1008595AF /* NewsAppMVVM */,
				8DE846B72236F6A1008595AF /* Products */,
				8E8F1149C58210E0634E6898 /* Pods */,
				EE192C87DE849B30B3B157A5 /* Frameworks */,
			);
			sourceTree = "<group>";
		};
		8DE846B72236F6A1008595AF /* Products */ = {
			isa = PBXGroup;
			children = (
				8DE846B62236F6A1008595AF /* NewsAppMVVM.app */,
			);
			name = Products;
			sourceTree = "<group>";
		};
		8DE846B82236F6A1008595AF /* NewsAppMVVM */ = {
			isa = PBXGroup;
			children = (
				8D2CD084223747DD003348B1 /* Cells */,
				8D45899F2236FCBB00BD4AFF /* View Models */,
				8D45899C2236F88700BD4AFF /* Extensions */,
				8D4589972236F76200BD4AFF /* Models */,
				8D4589962236F75D00BD4AFF /* Controllers */,
				8DE846B92236F6A1008595AF /* AppDelegate.swift */,
				8DE846BD2236F6A1008595AF /* Main.storyboard */,
				8DE846C02236F6A2008595AF /* Assets.xcassets */,
				8DE846C22236F6A2008595AF /* LaunchScreen.storyboard */,
				8DE846C52236F6A2008595AF /* Info.plist */,
			);
			path = NewsAppMVVM;
			sourceTree = "<group>";
		};
		8E8F1149C58210E0634E6898 /* Pods */ = {
			isa = PBXGroup;
			children = (
				BB257243C9F475580BD540F2 /* Pods-NewsAppMVVM.debug.xcconfig */,
				02226FEE847EC8CB29C0065E /* Pods-NewsAppMVVM.release.xcconfig */,
			);
			name = Pods;
			sourceTree = "<group>";
		};
		EE192C87DE849B30B3B157A5 /* Frameworks */ = {
			isa = PBXGroup;
			children = (
				31B6B06476CB6B5FD0755CEC /* Pods_NewsAppMVVM.framework */,
			);
			name = Frameworks;
			sourceTree = "<group>";
		};
/* End PBXGroup section */

/* Begin PBXNativeTarget section */
		8DE846B52236F6A1008595AF /* NewsAppMVVM */ = {
			isa = PBXNativeTarget;
			buildConfigurationList = 8DE846C82236F6A2008595AF /* Build configuration list for PBXNativeTarget "NewsAppMVVM" */;
			buildPhases = (
				72AF297FD8A74116F03F9222 /* [CP] Check Pods Manifest.lock */,
				8DE846B22236F6A1008595AF /* Sources */,
				8DE846B32236F6A1008595AF /* Frameworks */,
				8DE846B42236F6A1008595AF /* Resources */,
				8EAFF3A93A9619120140FC05 /* [CP] Embed Pods Frameworks */,
			);
			buildRules = (
			);
			dependencies = (
			);
			name = NewsAppMVVM;
			productName = NewsAppMVVM;
			productReference = 8DE846B62236F6A1008595AF /* NewsAppMVVM.app */;
			productType = "com.apple.product-type.application";
		};
/* End PBXNativeTarget section */

/* Begin PBXProject section */
		8DE846AE2236F6A1008595AF /* Project object */ = {
			isa = PBXProject;
			attributes = {
				LastSwiftUpdateCheck = 1010;
				LastUpgradeCheck = 1010;
				ORGANIZATIONNAME = "Mohammad Azam";
				TargetAttributes = {
					8DE846B52236F6A1008595AF = {
						CreatedOnToolsVersion = 10.1;
					};
				};
			};
			buildConfigurationList = 8DE846B12236F6A1008595AF /* Build configuration list for PBXProject "NewsAppMVVM" */;
			compatibilityVersion = "Xcode 9.3";
			developmentRegion = en;
			hasScannedForEncodings = 0;
			knownRegions = (
				en,
				Base,
			);
			mainGroup = 8DE846AD2236F6A1008595AF;
			productRefGroup = 8DE846B72236F6A1008595AF /* Products */;
			projectDirPath = "";
			projectRoot = "";
			targets = (
				8DE846B52236F6A1008595AF /* NewsAppMVVM */,
			);
		};
/* End PBXProject section */

/* Begin PBXResourcesBuildPhase section */
		8DE846B42236F6A1008595AF /* Resources */ = {
			isa = PBXResourcesBuildPhase;
			buildActionMask = 2147483647;
			files = (
				8DE846C42236F6A2008595AF /* LaunchScreen.storyboard in Resources */,
				8DE846C12236F6A2008595AF /* Assets.xcassets in Resources */,
				8DE846BF2236F6A1008595AF /* Main.storyboard in Resources */,
			);
			runOnlyForDeploymentPostprocessing = 0;
		};
/* End PBXResourcesBuildPhase section */

/* Begin PBXShellScriptBuildPhase section */
		72AF297FD8A74116F03F9222 /* [CP] Check Pods Manifest.lock */ = {
			isa = PBXShellScriptBuildPhase;
			buildActionMask = 2147483647;
			files = (
			);
			inputPaths = (
				"${PODS_PODFILE_DIR_PATH}/Podfile.lock",
				"${PODS_ROOT}/Manifest.lock",
			);
			name = "[CP] Check Pods Manifest.lock";
			outputPaths = (
				"$(DERIVED_FILE_DIR)/Pods-NewsAppMVVM-checkManifestLockResult.txt",
			);
			runOnlyForDeploymentPostprocessing = 0;
			shellPath = /bin/sh;
			shellScript = "diff \"${PODS_PODFILE_DIR_PATH}/Podfile.lock\" \"${PODS_ROOT}/Manifest.lock\" > /dev/null\nif [ $? != 0 ] ; then\n    # print error to STDERR\n    echo \"error: The sandbox is not in sync with the Podfile.lock. Run 'pod install' or update your CocoaPods installation.\" >&2\n    exit 1\nfi\n# This output is used by Xcode 'outputs' to avoid re-running this script phase.\necho \"SUCCESS\" > \"${SCRIPT_OUTPUT_FILE_0}\"\n";
			showEnvVarsInLog = 0;
		};
		8EAFF3A93A9619120140FC05 /* [CP] Embed Pods Frameworks */ = {
			isa = PBXShellScriptBuildPhase;
			buildActionMask = 2147483647;
			files = (
			);
			inputPaths = (
				"${SRCROOT}/Pods/Target Support Files/Pods-NewsAppMVVM/Pods-NewsAppMVVM-frameworks.sh",
				"${BUILT_PRODUCTS_DIR}/RxAtomic/RxAtomic.framework",
				"${BUILT_PRODUCTS_DIR}/RxCocoa/RxCocoa.framework",
				"${BUILT_PRODUCTS_DIR}/RxSwift/RxSwift.framework",
			);
			name = "[CP] Embed Pods Frameworks";
			outputPaths = (
				"${TARGET_BUILD_DIR}/${FRAMEWORKS_FOLDER_PATH}/RxAtomic.framework",
				"${TARGET_BUILD_DIR}/${FRAMEWORKS_FOLDER_PATH}/RxCocoa.framework",
				"${TARGET_BUILD_DIR}/${FRAMEWORKS_FOLDER_PATH}/RxSwift.framework",
			);
			runOnlyForDeploymentPostprocessing = 0;
			shellPath = /bin/sh;
			shellScript = "\"${SRCROOT}/Pods/Target Support Files/Pods-NewsAppMVVM/Pods-NewsAppMVVM-frameworks.sh\"\n";
			showEnvVarsInLog = 0;
		};
/* End PBXShellScriptBuildPhase section */

/* Begin PBXSourcesBuildPhase section */
		8DE846B22236F6A1008595AF /* Sources */ = {
			isa = PBXSourcesBuildPhase;
			buildActionMask = 2147483647;
			files = (
				8D4589992236F79A00BD4AFF /* NewsTableViewController.swift in Sources */,
				8D45899E2236F89400BD4AFF /* URLRequest+Extensions.swift in Sources */,
				8DE846BA2236F6A1008595AF /* AppDelegate.swift in Sources */,
				8D4589A12236FCC900BD4AFF /* ArticleViewModel.swift in Sources */,
				8D2CD086223747ED003348B1 /* ArticleTableViewCell.swift in Sources */,
				8D45899B2236F7BA00BD4AFF /* Article.swift in Sources */,
			);
			runOnlyForDeploymentPostprocessing = 0;
		};
/* End PBXSourcesBuildPhase section */

/* Begin PBXVariantGroup section */
		8DE846BD2236F6A1008595AF /* Main.storyboard */ = {
			isa = PBXVariantGroup;
			children = (
				8DE846BE2236F6A1008595AF /* Base */,
			);
			name = Main.storyboard;
			sourceTree = "<group>";
		};
		8DE846C22236F6A2008595AF /* LaunchScreen.storyboard */ = {
			isa = PBXVariantGroup;
			children = (
				8DE846C32236F6A2008595AF /* Base */,
			);
			name = LaunchScreen.storyboard;
			sourceTree = "<group>";
		};
/* End PBXVariantGroup section */

/* Begin XCBuildConfiguration section */
		8DE846C62236F6A2008595AF /* Debug */ = {
			isa = XCBuildConfiguration;
			buildSettings = {
				ALWAYS_SEARCH_USER_PATHS = NO;
				CLANG_ANALYZER_NONNULL = YES;
				CLANG_ANALYZER_NUMBER_OBJECT_CONVERSION = YES_AGGRESSIVE;
				CLANG_CXX_LANGUAGE_STANDARD = "gnu++14";
				CLANG_CXX_LIBRARY = "libc++";
				CLANG_ENABLE_MODULES = YES;
				CLANG_ENABLE_OBJC_ARC = YES;
				CLANG_ENABLE_OBJC_WEAK = YES;
				CLANG_WARN_BLOCK_CAPTURE_AUTORELEASING = YES;
				CLANG_WARN_BOOL_CONVERSION = YES;
				CLANG_WARN_COMMA = YES;
				CLANG_WARN_CONSTANT_CONVERSION = YES;
				CLANG_WARN_DEPRECATED_OBJC_IMPLEMENTATIONS = YES;
				CLANG_WARN_DIRECT_OBJC_ISA_USAGE = YES_ERROR;
				CLANG_WARN_DOCUMENTATION_COMMENTS = YES;
				CLANG_WARN_EMPTY_BODY = YES;
				CLANG_WARN_ENUM_CONVERSION = YES;
				CLANG_WARN_INFINITE_RECURSION = YES;
				CLANG_WARN_INT_CONVERSION = YES;
				CLANG_WARN_NON_LITERAL_NULL_CONVERSION = YES;
				CLANG_WARN_OBJC_IMPLICIT_RETAIN_SELF = YES;
				CLANG_WARN_OBJC_LITERAL_CONVERSION = YES;
				CLANG_WARN_OBJC_ROOT_CLASS = YES_ERROR;
				CLANG_WARN_RANGE_LOOP_ANALYSIS = YES;
				CLANG_WARN_STRICT_PROTOTYPES = YES;
				CLANG_WARN_SUSPICIOUS_MOVE = YES;
				CLANG_WARN_UNGUARDED_AVAILABILITY = YES_AGGRESSIVE;
				CLANG_WARN_UNREACHABLE_CODE = YES;
				CLANG_WARN__DUPLICATE_METHOD_MATCH = YES;
				CODE_SIGN_IDENTITY = "iPhone Developer";
				COPY_PHASE_STRIP = NO;
				DEBUG_INFORMATION_FORMAT = dwarf;
				ENABLE_STRICT_OBJC_MSGSEND = YES;
				ENABLE_TESTABILITY = YES;
				GCC_C_LANGUAGE_STANDARD = gnu11;
				GCC_DYNAMIC_NO_PIC = NO;
				GCC_NO_COMMON_BLOCKS = YES;
				GCC_OPTIMIZATION_LEVEL = 0;
				GCC_PREPROCESSOR_DEFINITIONS = (
					"DEBUG=1",
					"$(inherited)",
				);
				GCC_WARN_64_TO_32_BIT_CONVERSION = YES;
				GCC_WARN_ABOUT_RETURN_TYPE = YES_ERROR;
				GCC_WARN_UNDECLARED_SELECTOR = YES;
				GCC_WARN_UNINITIALIZED_AUTOS = YES_AGGRESSIVE;
				GCC_WARN_UNUSED_FUNCTION = YES;
				GCC_WARN_UNUSED_VARIABLE = YES;
				IPHONEOS_DEPLOYMENT_TARGET = 12.1;
				MTL_ENABLE_DEBUG_INFO = INCLUDE_SOURCE;
				MTL_FAST_MATH = YES;
				ONLY_ACTIVE_ARCH = YES;
				SDKROOT = iphoneos;
				SWIFT_ACTIVE_COMPILATION_CONDITIONS = DEBUG;
				SWIFT_OPTIMIZATION_LEVEL = "-Onone";
			};
			name = Debug;
		};
		8DE846C72236F6A2008595AF /* Release */ = {
			isa = XCBuildConfiguration;
			buildSettings = {
				ALWAYS_SEARCH_USER_PATHS = NO;
				CLANG_ANALYZER_NONNULL = YES;
				CLANG_ANALYZER_NUMBER_OBJECT_CONVERSION = YES_AGGRESSIVE;
				CLANG_CXX_LANGUAGE_STANDARD = "gnu++14";
				CLANG_CXX_LIBRARY = "libc++";
				CLANG_ENABLE_MODULES = YES;
				CLANG_ENABLE_OBJC_ARC = YES;
				CLANG_ENABLE_OBJC_WEAK = YES;
				CLANG_WARN_BLOCK_CAPTURE_AUTORELEASING = YES;
				CLANG_WARN_BOOL_CONVERSION = YES;
				CLANG_WARN_COMMA = YES;
				CLANG_WARN_CONSTANT_CONVERSION = YES;
				CLANG_WARN_DEPRECATED_OBJC_IMPLEMENTATIONS = YES;
				CLANG_WARN_DIRECT_OBJC_ISA_USAGE = YES_ERROR;
				CLANG_WARN_DOCUMENTATION_COMMENTS = YES;
				CLANG_WARN_EMPTY_BODY = YES;
				CLANG_WARN_ENUM_CONVERSION = YES;
				CLANG_WARN_INFINITE_RECURSION = YES;
				CLANG_WARN_INT_CONVERSION = YES;
				CLANG_WARN_NON_LITERAL_NULL_CONVERSION = YES;
				CLANG_WARN_OBJC_IMPLICIT_RETAIN_SELF = YES;
				CLANG_WARN_OBJC_LITERAL_CONVERSION = YES;
				CLANG_WARN_OBJC_ROOT_CLASS = YES_ERROR;
				CLANG_WARN_RANGE_LOOP_ANALYSIS = YES;
				CLANG_WARN_STRICT_PROTOTYPES = YES;
				CLANG_WARN_SUSPICIOUS_MOVE = YES;
				CLANG_WARN_UNGUARDED_AVAILABILITY = YES_AGGRESSIVE;
				CLANG_WARN_UNREACHABLE_CODE = YES;
				CLANG_WARN__DUPLICATE_METHOD_MATCH = YES;
				CODE_SIGN_IDENTITY = "iPhone Developer";
				COPY_PHASE_STRIP = NO;
				DEBUG_INFORMATION_FORMAT = "dwarf-with-dsym";
				ENABLE_NS_ASSERTIONS = NO;
				ENABLE_STRICT_OBJC_MSGSEND = YES;
				GCC_C_LANGUAGE_STANDARD = gnu11;
				GCC_NO_COMMON_BLOCKS = YES;
				GCC_WARN_64_TO_32_BIT_CONVERSION = YES;
				GCC_WARN_ABOUT_RETURN_TYPE = YES_ERROR;
				GCC_WARN_UNDECLARED_SELECTOR = YES;
				GCC_WARN_UNINITIALIZED_AUTOS = YES_AGGRESSIVE;
				GCC_WARN_UNUSED_FUNCTION = YES;
				GCC_WARN_UNUSED_VARIABLE = YES;
				IPHONEOS_DEPLOYMENT_TARGET = 12.1;
				MTL_ENABLE_DEBUG_INFO = NO;
				MTL_FAST_MATH = YES;
				SDKROOT = iphoneos;
				SWIFT_COMPILATION_MODE = wholemodule;
				SWIFT_OPTIMIZATION_LEVEL = "-O";
				VALIDATE_PRODUCT = YES;
			};
			name = Release;
		};
		8DE846C92236F6A2008595AF /* Debug */ = {
			isa = XCBuildConfiguration;
			baseConfigurationReference = BB257243C9F475580BD540F2 /* Pods-NewsAppMVVM.debug.xcconfig */;
			buildSettings = {
				ASSETCATALOG_COMPILER_APPICON_NAME = AppIcon;
				CODE_SIGN_STYLE = Automatic;
				DEVELOPMENT_TEAM = B2Q8EGNCQA;
				INFOPLIST_FILE = NewsAppMVVM/Info.plist;
				LD_RUNPATH_SEARCH_PATHS = (
					"$(inherited)",
					"@executable_path/Frameworks",
				);
				PRODUCT_BUNDLE_IDENTIFIER = com.azamsharp.NewsAppMVVM;
				PRODUCT_NAME = "$(TARGET_NAME)";
				SWIFT_VERSION = 4.2;
				TARGETED_DEVICE_FAMILY = "1,2";
			};
			name = Debug;
		};
		8DE846CA2236F6A2008595AF /* Release */ = {
			isa = XCBuildConfiguration;
			baseConfigurationReference = 02226FEE847EC8CB29C0065E /* Pods-NewsAppMVVM.release.xcconfig */;
			buildSettings = {
				ASSETCATALOG_COMPILER_APPICON_NAME = AppIcon;
				CODE_SIGN_STYLE = Automatic;
				DEVELOPMENT_TEAM = B2Q8EGNCQA;
				INFOPLIST_FILE = NewsAppMVVM/Info.plist;
				LD_RUNPATH_SEARCH_PATHS = (
					"$(inherited)",
					"@executable_path/Frameworks",
				);
				PRODUCT_BUNDLE_IDENTIFIER = com.azamsharp.NewsAppMVVM;
				PRODUCT_NAME = "$(TARGET_NAME)";
				SWIFT_VERSION = 4.2;
				TARGETED_DEVICE_FAMILY = "1,2";
			};
			name = Release;
		};
/* End XCBuildConfiguration section */

/* Begin XCConfigurationList section */
		8DE846B12236F6A1008595AF /* Build configuration list for PBXProject "NewsAppMVVM" */ = {
			isa = XCConfigurationList;
			buildConfigurations = (
				8DE846C62236F6A2008595AF /* Debug */,
				8DE846C72236F6A2008595AF /* Release */,
			);
			defaultConfigurationIsVisible = 0;
			defaultConfigurationName = Release;
		};
		8DE846C82236F6A2008595AF /* Build configuration list for PBXNativeTarget "NewsAppMVVM" */ = {
			isa = XCConfigurationList;
			buildConfigurations = (
				8DE846C92236F6A2008595AF /* Debug */,
				8DE846CA2236F6A2008595AF /* Release */,
			);
			defaultConfigurationIsVisible = 0;
			defaultConfigurationName = Release;
		};
/* End XCConfigurationList section */
	};
	rootObject = 8DE846AE2236F6A1008595AF /* Project object */;
}
